
Microsoft Visual Studio Solution File, Format Version 12.00
# Visual Studio 15
VisualStudioVersion = 15.0.27004.2005
MinimumVisualStudioVersion = 10.0.40219.1
Project("{8BC9CEB8-8B4A-11D0-8D11-00A0C91BC942}") = "Fraction_DLL", "Fraction_DLL\Fraction_DLL.vcxproj", "{6CDC1473-7FF1-4D8A-8402-C76E6A5EE127}"
EndProject
Project("{8BC9CEB8-8B4A-11D0-8D11-00A0C91BC942}") = "GUI_Darian", "GUI_Darian\GUI_Darian.vcxproj", "{F6831536-FFF9-42D4-A999-EEB9005A831C}"
EndProject
Global
	GlobalSection(SolutionConfigurationPlatforms) = preSolution
		Debug|x64 = Debug|x64
		Debug|x86 = Debug|x86
		Release|x64 = Release|x64
		Release|x86 = Release|x86
	EndGlobalSection
	GlobalSection(ProjectConfigurationPlatforms) = postSolution
		{6CDC1473-7FF1-4D8A-8402-C76E6A5EE127}.Debug|x64.ActiveCfg = Debug|x64
		{6CDC1473-7FF1-4D8A-8402-C76E6A5EE127}.Debug|x64.Build.0 = Debug|x64
		{6CDC1473-7FF1-4D8A-8402-C76E6A5EE127}.Debug|x86.ActiveCfg = Debug|Win32
		{6CDC1473-7FF1-4D8A-8402-C76E6A5EE127}.Debug|x86.Build.0 = Debug|Win32
		{6CDC1473-7FF1-4D8A-8402-C76E6A5EE127}.Release|x64.ActiveCfg = Release|x64
		{6CDC1473-7FF1-4D8A-8402-C76E6A5EE127}.Release|x64.Build.0 = Release|x64
		{6CDC1473-7FF1-4D8A-8402-C76E6A5EE127}.Release|x86.ActiveCfg = Release|Win32
		{6CDC1473-7FF1-4D8A-8402-C76E6A5EE127}.Release|x86.Build.0 = Release|Win32
		{F6831536-FFF9-42D4-A999-EEB9005A831C}.Debug|x64.ActiveCfg = Debug|x64
		{F6831536-FFF9-42D4-A999-EEB9005A831C}.Debug|x64.Build.0 = Debug|x64
		{F6831536-FFF9-42D4-A999-EEB9005A831C}.Debug|x86.ActiveCfg = Debug|Win32
		{F6831536-FFF9-42D4-A999-EEB9005A831C}.Debug|x86.Build.0 = Debug|Win32
		{F6831536-FFF9-42D4-A999-EEB9005A831C}.Release|x64.ActiveCfg = Release|x64
		{F6831536-FFF9-42D4-A999-EEB9005A831C}.Release|x64.Build.0 = Release|x64
		{F6831536-FFF9-42D4-A999-EEB9005A831C}.Release|x86.ActiveCfg = Release|Win32
		{F6831536-FFF9-42D4-A999-EEB9005A831C}.Release|x86.Build.0 = Release|Win32
	EndGlobalSection
	GlobalSection(SolutionProperties) = preSolution
		HideSolutionNode = FALSE
	EndGlobalSection
	GlobalSection(ExtensibilityGlobals) = postSolution
		SolutionGuid = {BCD0B349-BB8B-4C1F-A9AB-78D4CD6FBD67}
	EndGlobalSection
EndGlobal
